
Microsoft Visual Studio Solution File, Format Version 12.00
# Visual Studio Version 16
VisualStudioVersion = 16.0.30717.126
MinimumVisualStudioVersion = 10.0.40219.1
Project("{9A19103F-16F7-4668-BE54-9A1E7A4F7556}") = "Application", "..\E-Learning.Application\Application.csproj", "{371EC26B-994E-4454-B078-0F738C4E7495}"
EndProject
Project("{9A19103F-16F7-4668-BE54-9A1E7A4F7556}") = "Domain", "..\E-Learning.Domain\Domain.csproj", "{14DC38E4-1004-418A-AA2B-43423E3588C8}"
EndProject
Project("{9A19103F-16F7-4668-BE54-9A1E7A4F7556}") = "Infrastructure", "..\E-Learning.Infrastructure\Infrastructure.csproj", "{45DD032C-B642-46FA-BF98-84155E07A6AF}"
EndProject
Project("{9A19103F-16F7-4668-BE54-9A1E7A4F7556}") = "WebUI", "WebUI.csproj", "{1B10AE32-2243-46F3-B6A2-29A4715A8257}"
EndProject
Global
	GlobalSection(SolutionConfigurationPlatforms) = preSolution
		Debug|Any CPU = Debug|Any CPU
		Release|Any CPU = Release|Any CPU
	EndGlobalSection
	GlobalSection(ProjectConfigurationPlatforms) = postSolution
		{371EC26B-994E-4454-B078-0F738C4E7495}.Debug|Any CPU.ActiveCfg = Debug|Any CPU
		{371EC26B-994E-4454-B078-0F738C4E7495}.Debug|Any CPU.Build.0 = Debug|Any CPU
		{371EC26B-994E-4454-B078-0F738C4E7495}.Release|Any CPU.ActiveCfg = Release|Any CPU
		{371EC26B-994E-4454-B078-0F738C4E7495}.Release|Any CPU.Build.0 = Release|Any CPU
		{14DC38E4-1004-418A-AA2B-43423E3588C8}.Debug|Any CPU.ActiveCfg = Debug|Any CPU
		{14DC38E4-1004-418A-AA2B-43423E3588C8}.Debug|Any CPU.Build.0 = Debug|Any CPU
		{14DC38E4-1004-418A-AA2B-43423E3588C8}.Release|Any CPU.ActiveCfg = Release|Any CPU
		{14DC38E4-1004-418A-AA2B-43423E3588C8}.Release|Any CPU.Build.0 = Release|Any CPU
		{45DD032C-B642-46FA-BF98-84155E07A6AF}.Debug|Any CPU.ActiveCfg = Debug|Any CPU
		{45DD032C-B642-46FA-BF98-84155E07A6AF}.Debug|Any CPU.Build.0 = Debug|Any CPU
		{45DD032C-B642-46FA-BF98-84155E07A6AF}.Release|Any CPU.ActiveCfg = Release|Any CPU
		{45DD032C-B642-46FA-BF98-84155E07A6AF}.Release|Any CPU.Build.0 = Release|Any CPU
		{1B10AE32-2243-46F3-B6A2-29A4715A8257}.Debug|Any CPU.ActiveCfg = Debug|Any CPU
		{1B10AE32-2243-46F3-B6A2-29A4715A8257}.Debug|Any CPU.Build.0 = Debug|Any CPU
		{1B10AE32-2243-46F3-B6A2-29A4715A8257}.Release|Any CPU.ActiveCfg = Release|Any CPU
		{1B10AE32-2243-46F3-B6A2-29A4715A8257}.Release|Any CPU.Build.0 = Release|Any CPU
	EndGlobalSection
	GlobalSection(SolutionProperties) = preSolution
		HideSolutionNode = FALSE
	EndGlobalSection
	GlobalSection(ExtensibilityGlobals) = postSolution
		SolutionGuid = {EF87A780-3A1F-49A4-A1B4-5A075A7A69D1}
	EndGlobalSection
EndGlobal
